
Microsoft Visual Studio Solution File, Format Version 12.00
# Visual Studio Version 17
VisualStudioVersion = 17.4.33103.184
MinimumVisualStudioVersion = 10.0.40219.1
Project("{8BC9CEB8-8B4A-11D0-8D11-00A0C91BC942}") = "BOJ_23805", "BOJ_23805.vcxproj", "{B2808292-AE71-429C-B2DC-692C00B048DB}"
EndProject
Global
	GlobalSection(SolutionConfigurationPlatforms) = preSolution
		Debug|x64 = Debug|x64
		Release|x64 = Release|x64
	EndGlobalSection
	GlobalSection(ProjectConfigurationPlatforms) = postSolution
		{B2808292-AE71-429C-B2DC-692C00B048DB}.Debug|x64.ActiveCfg = Debug|x64
		{B2808292-AE71-429C-B2DC-692C00B048DB}.Debug|x64.Build.0 = Debug|x64
		{B2808292-AE71-429C-B2DC-692C00B048DB}.Release|x64.ActiveCfg = Release|x64
		{B2808292-AE71-429C-B2DC-692C00B048DB}.Release|x64.Build.0 = Release|x64
	EndGlobalSection
	GlobalSection(SolutionProperties) = preSolution
		HideSolutionNode = FALSE
	EndGlobalSection
	GlobalSection(ExtensibilityGlobals) = postSolution
		SolutionGuid = {1080850B-A2E1-4B5C-ADF6-84307B072749}
	EndGlobalSection
EndGlobal
